// !$*UTF8*$!
{
	archiveVersion = 1;
	classes = {
	};
	objectVersion = 50;
	objects = {

/* Begin PBXBuildFile section */
		F55A6EA62425678F0070464D /* ObjC.m in Sources */ = {isa = PBXBuildFile; fileRef = F55A6EA52425678F0070464D /* ObjC.m */; };
		F588B46E239C7B6D005969D8 /* AppDelegate.swift in Sources */ = {isa = PBXBuildFile; fileRef = F588B46D239C7B6D005969D8 /* AppDelegate.swift */; };
		F588B470239C7B6D005969D8 /* SceneDelegate.swift in Sources */ = {isa = PBXBuildFile; fileRef = F588B46F239C7B6D005969D8 /* SceneDelegate.swift */; };
		F588B472239C7B6D005969D8 /* ViewController.swift in Sources */ = {isa = PBXBuildFile; fileRef = F588B471239C7B6D005969D8 /* ViewController.swift */; };
		F588B475239C7B6D005969D8 /* Main.storyboard in Resources */ = {isa = PBXBuildFile; fileRef = F588B473239C7B6D005969D8 /* Main.storyboard */; };
		F588B477239C7B6F005969D8 /* Assets.xcassets in Resources */ = {isa = PBXBuildFile; fileRef = F588B476239C7B6F005969D8 /* Assets.xcassets */; };
		F588B47A239C7B6F005969D8 /* LaunchScreen.storyboard in Resources */ = {isa = PBXBuildFile; fileRef = F588B478239C7B6F005969D8 /* LaunchScreen.storyboard */; };
		F5C4DE3524260E1A00F41530 /* RoundButton.swift in Sources */ = {isa = PBXBuildFile; fileRef = F5C4DE3424260E1A00F41530 /* RoundButton.swift */; };
		F5E39B7A239EBBF00002DA59 /* CalculatorBrain.swift in Sources */ = {isa = PBXBuildFile; fileRef = F5E39B79239EBBF00002DA59 /* CalculatorBrain.swift */; };
/* End PBXBuildFile section */

/* Begin PBXFileReference section */
		F55A6EA3242567700070464D /* ObjC.h */ = {isa = PBXFileReference; lastKnownFileType = sourcecode.c.h; path = ObjC.h; sourceTree = "<group>"; };
		F55A6EA42425678F0070464D /* Kalkulator-Bridging-Header.h */ = {isa = PBXFileReference; lastKnownFileType = sourcecode.c.h; path = "Kalkulator-Bridging-Header.h"; sourceTree = "<group>"; };
		F55A6EA52425678F0070464D /* ObjC.m */ = {isa = PBXFileReference; lastKnownFileType = sourcecode.c.objc; path = ObjC.m; sourceTree = "<group>"; };
		F588B46A239C7B6D005969D8 /* Piggy Calculator.app */ = {isa = PBXFileReference; explicitFileType = wrapper.application; includeInIndex = 0; path = "Piggy Calculator.app"; sourceTree = BUILT_PRODUCTS_DIR; };
		F588B46D239C7B6D005969D8 /* AppDelegate.swift */ = {isa = PBXFileReference; lastKnownFileType = sourcecode.swift; path = AppDelegate.swift; sourceTree = "<group>"; };
		F588B46F239C7B6D005969D8 /* SceneDelegate.swift */ = {isa = PBXFileReference; lastKnownFileType = sourcecode.swift; path = SceneDelegate.swift; sourceTree = "<group>"; };
		F588B471239C7B6D005969D8 /* ViewController.swift */ = {isa = PBXFileReference; lastKnownFileType = sourcecode.swift; path = ViewController.swift; sourceTree = "<group>"; };
		F588B474239C7B6D005969D8 /* Base */ = {isa = PBXFileReference; lastKnownFileType = file.storyboard; name = Base; path = Base.lproj/Main.storyboard; sourceTree = "<group>"; };
		F588B476239C7B6F005969D8 /* Assets.xcassets */ = {isa = PBXFileReference; lastKnownFileType = folder.assetcatalog; path = Assets.xcassets; sourceTree = "<group>"; };
		F588B479239C7B6F005969D8 /* Base */ = {isa = PBXFileReference; lastKnownFileType = file.storyboard; name = Base; path = Base.lproj/LaunchScreen.storyboard; sourceTree = "<group>"; };
		F588B47B239C7B6F005969D8 /* Info.plist */ = {isa = PBXFileReference; lastKnownFileType = text.plist.xml; path = Info.plist; sourceTree = "<group>"; };
		F5C4DE3424260E1A00F41530 /* RoundButton.swift */ = {isa = PBXFileReference; lastKnownFileType = sourcecode.swift; path = RoundButton.swift; sourceTree = "<group>"; };
		F5E39B79239EBBF00002DA59 /* CalculatorBrain.swift */ = {isa = PBXFileReference; lastKnownFileType = sourcecode.swift; path = CalculatorBrain.swift; sourceTree = "<group>"; };
/* End PBXFileReference section */

/* Begin PBXFrameworksBuildPhase section */
		F588B467239C7B6D005969D8 /* Frameworks */ = {
			isa = PBXFrameworksBuildPhase;
			buildActionMask = 2147483647;
			files = (
			);
			runOnlyForDeploymentPostprocessing = 0;
		};
/* End PBXFrameworksBuildPhase section */

/* Begin PBXGroup section */
		F588B461239C7B6D005969D8 = {
			isa = PBXGroup;
			children = (
				F55A6EA52425678F0070464D /* ObjC.m */,
				F55A6EA3242567700070464D /* ObjC.h */,
				F588B46C239C7B6D005969D8 /* Kalkulator */,
				F588B46B239C7B6D005969D8 /* Products */,
				F55A6EA42425678F0070464D /* Kalkulator-Bridging-Header.h */,
			);
			sourceTree = "<group>";
		};
		F588B46B239C7B6D005969D8 /* Products */ = {
			isa = PBXGroup;
			children = (
				F588B46A239C7B6D005969D8 /* Piggy Calculator.app */,
			);
			name = Products;
			sourceTree = "<group>";
		};
		F588B46C239C7B6D005969D8 /* Kalkulator */ = {
			isa = PBXGroup;
			children = (
				F588B471239C7B6D005969D8 /* ViewController.swift */,
				F588B473239C7B6D005969D8 /* Main.storyboard */,
				F5E39B79239EBBF00002DA59 /* CalculatorBrain.swift */,
				F588B47B239C7B6F005969D8 /* Info.plist */,
				F5E39B7D239EBC520002DA59 /* SupportingFiles */,
			);
			path = Kalkulator;
			sourceTree = "<group>";
		};
		F5C4DE3324260DEE00F41530 /* RoundButton */ = {
			isa = PBXGroup;
			children = (
				F5C4DE3424260E1A00F41530 /* RoundButton.swift */,
			);
			path = RoundButton;
			sourceTree = "<group>";
		};
		F5E39B7D239EBC520002DA59 /* SupportingFiles */ = {
			isa = PBXGroup;
			children = (
				F5C4DE3324260DEE00F41530 /* RoundButton */,
				F588B46F239C7B6D005969D8 /* SceneDelegate.swift */,
				F588B46D239C7B6D005969D8 /* AppDelegate.swift */,
				F588B476239C7B6F005969D8 /* Assets.xcassets */,
				F588B478239C7B6F005969D8 /* LaunchScreen.storyboard */,
			);
			path = SupportingFiles;
			sourceTree = "<group>";
		};
/* End PBXGroup section */

/* Begin PBXNativeTarget section */
		F588B469239C7B6D005969D8 /* Kalkulator */ = {
			isa = PBXNativeTarget;
			buildConfigurationList = F588B47E239C7B6F005969D8 /* Build configuration list for PBXNativeTarget "Kalkulator" */;
			buildPhases = (
				F588B466239C7B6D005969D8 /* Sources */,
				F588B467239C7B6D005969D8 /* Frameworks */,
				F588B468239C7B6D005969D8 /* Resources */,
			);
			buildRules = (
			);
			dependencies = (
			);
			name = Kalkulator;
			productName = Kalkulator;
			productReference = F588B46A239C7B6D005969D8 /* Piggy Calculator.app */;
			productType = "com.apple.product-type.application";
		};
/* End PBXNativeTarget section */

/* Begin PBXProject section */
		F588B462239C7B6D005969D8 /* Project object */ = {
			isa = PBXProject;
			attributes = {
				LastSwiftUpdateCheck = 1120;
				LastUpgradeCheck = 1120;
				ORGANIZATIONNAME = "Nguyễn Quốc Huy";
				TargetAttributes = {
					F588B469239C7B6D005969D8 = {
						CreatedOnToolsVersion = 11.2.1;
						LastSwiftMigration = 1130;
					};
				};
			};
			buildConfigurationList = F588B465239C7B6D005969D8 /* Build configuration list for PBXProject "Kalkulator" */;
			compatibilityVersion = "Xcode 9.3";
			developmentRegion = en;
			hasScannedForEncodings = 0;
			knownRegions = (
				en,
				Base,
			);
			mainGroup = F588B461239C7B6D005969D8;
			productRefGroup = F588B46B239C7B6D005969D8 /* Products */;
			projectDirPath = "";
			projectRoot = "";
			targets = (
				F588B469239C7B6D005969D8 /* Kalkulator */,
			);
		};
/* End PBXProject section */

/* Begin PBXResourcesBuildPhase section */
		F588B468239C7B6D005969D8 /* Resources */ = {
			isa = PBXResourcesBuildPhase;
			buildActionMask = 2147483647;
			files = (
				F588B47A239C7B6F005969D8 /* LaunchScreen.storyboard in Resources */,
				F588B477239C7B6F005969D8 /* Assets.xcassets in Resources */,
				F588B475239C7B6D005969D8 /* Main.storyboard in Resources */,
			);
			runOnlyForDeploymentPostprocessing = 0;
		};
/* End PBXResourcesBuildPhase section */

/* Begin PBXSourcesBuildPhase section */
		F588B466239C7B6D005969D8 /* Sources */ = {
			isa = PBXSourcesBuildPhase;
			buildActionMask = 2147483647;
			files = (
				F5C4DE3524260E1A00F41530 /* RoundButton.swift in Sources */,
				F55A6EA62425678F0070464D /* ObjC.m in Sources */,
				F588B472239C7B6D005969D8 /* ViewController.swift in Sources */,
				F588B46E239C7B6D005969D8 /* AppDelegate.swift in Sources */,
				F5E39B7A239EBBF00002DA59 /* CalculatorBrain.swift in Sources */,
				F588B470239C7B6D005969D8 /* SceneDelegate.swift in Sources */,
			);
			runOnlyForDeploymentPostprocessing = 0;
		};
/* End PBXSourcesBuildPhase section */

/* Begin PBXVariantGroup section */
		F588B473239C7B6D005969D8 /* Main.storyboard */ = {
			isa = PBXVariantGroup;
			children = (
				F588B474239C7B6D005969D8 /* Base */,
			);
			name = Main.storyboard;
			sourceTree = "<group>";
		};
		F588B478239C7B6F005969D8 /* LaunchScreen.storyboard */ = {
			isa = PBXVariantGroup;
			children = (
				F588B479239C7B6F005969D8 /* Base */,
			);
			name = LaunchScreen.storyboard;
			sourceTree = "<group>";
		};
/* End PBXVariantGroup section */

/* Begin XCBuildConfiguration section */
		F588B47C239C7B6F005969D8 /* Debug */ = {
			isa = XCBuildConfiguration;
			buildSettings = {
				ALWAYS_SEARCH_USER_PATHS = NO;
				CLANG_ANALYZER_NONNULL = YES;
				CLANG_ANALYZER_NUMBER_OBJECT_CONVERSION = YES_AGGRESSIVE;
				CLANG_CXX_LANGUAGE_STANDARD = "gnu++14";
				CLANG_CXX_LIBRARY = "libc++";
				CLANG_ENABLE_MODULES = YES;
				CLANG_ENABLE_OBJC_ARC = YES;
				CLANG_ENABLE_OBJC_WEAK = YES;
				CLANG_WARN_BLOCK_CAPTURE_AUTORELEASING = YES;
				CLANG_WARN_BOOL_CONVERSION = YES;
				CLANG_WARN_COMMA = YES;
				CLANG_WARN_CONSTANT_CONVERSION = YES;
				CLANG_WARN_DEPRECATED_OBJC_IMPLEMENTATIONS = YES;
				CLANG_WARN_DIRECT_OBJC_ISA_USAGE = YES_ERROR;
				CLANG_WARN_DOCUMENTATION_COMMENTS = YES;
				CLANG_WARN_EMPTY_BODY = YES;
				CLANG_WARN_ENUM_CONVERSION = YES;
				CLANG_WARN_INFINITE_RECURSION = YES;
				CLANG_WARN_INT_CONVERSION = YES;
				CLANG_WARN_NON_LITERAL_NULL_CONVERSION = YES;
				CLANG_WARN_OBJC_IMPLICIT_RETAIN_SELF = YES;
				CLANG_WARN_OBJC_LITERAL_CONVERSION = YES;
				CLANG_WARN_OBJC_ROOT_CLASS = YES_ERROR;
				CLANG_WARN_RANGE_LOOP_ANALYSIS = YES;
				CLANG_WARN_STRICT_PROTOTYPES = YES;
				CLANG_WARN_SUSPICIOUS_MOVE = YES;
				CLANG_WARN_UNGUARDED_AVAILABILITY = YES_AGGRESSIVE;
				CLANG_WARN_UNREACHABLE_CODE = YES;
				CLANG_WARN__DUPLICATE_METHOD_MATCH = YES;
				COPY_PHASE_STRIP = NO;
				DEBUG_INFORMATION_FORMAT = dwarf;
				ENABLE_STRICT_OBJC_MSGSEND = YES;
				ENABLE_TESTABILITY = YES;
				GCC_C_LANGUAGE_STANDARD = gnu11;
				GCC_DYNAMIC_NO_PIC = NO;
				GCC_NO_COMMON_BLOCKS = YES;
				GCC_OPTIMIZATION_LEVEL = 0;
				GCC_PREPROCESSOR_DEFINITIONS = (
					"DEBUG=1",
					"$(inherited)",
				);
				GCC_WARN_64_TO_32_BIT_CONVERSION = YES;
				GCC_WARN_ABOUT_RETURN_TYPE = YES_ERROR;
				GCC_WARN_UNDECLARED_SELECTOR = YES;
				GCC_WARN_UNINITIALIZED_AUTOS = YES_AGGRESSIVE;
				GCC_WARN_UNUSED_FUNCTION = YES;
				GCC_WARN_UNUSED_VARIABLE = YES;
				IPHONEOS_DEPLOYMENT_TARGET = 13.2;
				MTL_ENABLE_DEBUG_INFO = INCLUDE_SOURCE;
				MTL_FAST_MATH = YES;
				ONLY_ACTIVE_ARCH = YES;
				SDKROOT = iphoneos;
				SWIFT_ACTIVE_COMPILATION_CONDITIONS = DEBUG;
				SWIFT_OPTIMIZATION_LEVEL = "-Onone";
				SWIFT_PRECOMPILE_BRIDGING_HEADER = YES;
			};
			name = Debug;
		};
		F588B47D239C7B6F005969D8 /* Release */ = {
			isa = XCBuildConfiguration;
			buildSettings = {
				ALWAYS_SEARCH_USER_PATHS = NO;
				CLANG_ANALYZER_NONNULL = YES;
				CLANG_ANALYZER_NUMBER_OBJECT_CONVERSION = YES_AGGRESSIVE;
				CLANG_CXX_LANGUAGE_STANDARD = "gnu++14";
				CLANG_CXX_LIBRARY = "libc++";
				CLANG_ENABLE_MODULES = YES;
				CLANG_ENABLE_OBJC_ARC = YES;
				CLANG_ENABLE_OBJC_WEAK = YES;
				CLANG_WARN_BLOCK_CAPTURE_AUTORELEASING = YES;
				CLANG_WARN_BOOL_CONVERSION = YES;
				CLANG_WARN_COMMA = YES;
				CLANG_WARN_CONSTANT_CONVERSION = YES;
				CLANG_WARN_DEPRECATED_OBJC_IMPLEMENTATIONS = YES;
				CLANG_WARN_DIRECT_OBJC_ISA_USAGE = YES_ERROR;
				CLANG_WARN_DOCUMENTATION_COMMENTS = YES;
				CLANG_WARN_EMPTY_BODY = YES;
				CLANG_WARN_ENUM_CONVERSION = YES;
				CLANG_WARN_INFINITE_RECURSION = YES;
				CLANG_WARN_INT_CONVERSION = YES;
				CLANG_WARN_NON_LITERAL_NULL_CONVERSION = YES;
				CLANG_WARN_OBJC_IMPLICIT_RETAIN_SELF = YES;
				CLANG_WARN_OBJC_LITERAL_CONVERSION = YES;
				CLANG_WARN_OBJC_ROOT_CLASS = YES_ERROR;
				CLANG_WARN_RANGE_LOOP_ANALYSIS = YES;
				CLANG_WARN_STRICT_PROTOTYPES = YES;
				CLANG_WARN_SUSPICIOUS_MOVE = YES;
				CLANG_WARN_UNGUARDED_AVAILABILITY = YES_AGGRESSIVE;
				CLANG_WARN_UNREACHABLE_CODE = YES;
				CLANG_WARN__DUPLICATE_METHOD_MATCH = YES;
				COPY_PHASE_STRIP = NO;
				DEBUG_INFORMATION_FORMAT = "dwarf-with-dsym";
				ENABLE_NS_ASSERTIONS = NO;
				ENABLE_STRICT_OBJC_MSGSEND = YES;
				GCC_C_LANGUAGE_STANDARD = gnu11;
				GCC_NO_COMMON_BLOCKS = YES;
				GCC_WARN_64_TO_32_BIT_CONVERSION = YES;
				GCC_WARN_ABOUT_RETURN_TYPE = YES_ERROR;
				GCC_WARN_UNDECLARED_SELECTOR = YES;
				GCC_WARN_UNINITIALIZED_AUTOS = YES_AGGRESSIVE;
				GCC_WARN_UNUSED_FUNCTION = YES;
				GCC_WARN_UNUSED_VARIABLE = YES;
				IPHONEOS_DEPLOYMENT_TARGET = 13.2;
				MTL_ENABLE_DEBUG_INFO = NO;
				MTL_FAST_MATH = YES;
				SDKROOT = iphoneos;
				SWIFT_COMPILATION_MODE = wholemodule;
				SWIFT_OPTIMIZATION_LEVEL = "-O";
				SWIFT_PRECOMPILE_BRIDGING_HEADER = YES;
				VALIDATE_PRODUCT = YES;
			};
			name = Release;
		};
		F588B47F239C7B6F005969D8 /* Debug */ = {
			isa = XCBuildConfiguration;
			buildSettings = {
				ASSETCATALOG_COMPILER_APPICON_NAME = AppIcon;
				CLANG_ENABLE_MODULES = YES;
				CODE_SIGN_STYLE = Automatic;
				DEVELOPMENT_TEAM = YD34AU436T;
				INFOPLIST_FILE = Kalkulator/Info.plist;
				LD_RUNPATH_SEARCH_PATHS = (
					"$(inherited)",
					"@executable_path/Frameworks",
				);
				PRODUCT_BUNDLE_IDENTIFIER = com.example.kalkulator2;
				PRODUCT_NAME = "Piggy Calculator";
				SWIFT_OBJC_BRIDGING_HEADER = "Kalkulator-Bridging-Header.h";
				SWIFT_OPTIMIZATION_LEVEL = "-Onone";
				SWIFT_PRECOMPILE_BRIDGING_HEADER = YES;
				SWIFT_VERSION = 5.0;
				TARGETED_DEVICE_FAMILY = "1,2";
			};
			name = Debug;
		};
		F588B480239C7B6F005969D8 /* Release */ = {
			isa = XCBuildConfiguration;
			buildSettings = {
				ASSETCATALOG_COMPILER_APPICON_NAME = AppIcon;
				CLANG_ENABLE_MODULES = YES;
				CODE_SIGN_STYLE = Automatic;
				DEVELOPMENT_TEAM = YD34AU436T;
				INFOPLIST_FILE = Kalkulator/Info.plist;
				LD_RUNPATH_SEARCH_PATHS = (
					"$(inherited)",
					"@executable_path/Frameworks",
				);
				PRODUCT_BUNDLE_IDENTIFIER = com.example.kalkulator2;
				PRODUCT_NAME = "Piggy Calculator";
				SWIFT_OBJC_BRIDGING_HEADER = "Kalkulator-Bridging-Header.h";
				SWIFT_PRECOMPILE_BRIDGING_HEADER = YES;
				SWIFT_VERSION = 5.0;
				TARGETED_DEVICE_FAMILY = "1,2";
			};
			name = Release;
		};
/* End XCBuildConfiguration section */

/* Begin XCConfigurationList section */
		F588B465239C7B6D005969D8 /* Build configuration list for PBXProject "Kalkulator" */ = {
			isa = XCConfigurationList;
			buildConfigurations = (
				F588B47C239C7B6F005969D8 /* Debug */,
				F588B47D239C7B6F005969D8 /* Release */,
			);
			defaultConfigurationIsVisible = 0;
			defaultConfigurationName = Release;
		};
		F588B47E239C7B6F005969D8 /* Build configuration list for PBXNativeTarget "Kalkulator" */ = {
			isa = XCConfigurationList;
			buildConfigurations = (
				F588B47F239C7B6F005969D8 /* Debug */,
				F588B480239C7B6F005969D8 /* Release */,
			);
			defaultConfigurationIsVisible = 0;
			defaultConfigurationName = Release;
		};
/* End XCConfigurationList section */
	};
	rootObject = F588B462239C7B6D005969D8 /* Project object */;
}
